// !$*UTF8*$!
{
	archiveVersion = 1;
	classes = {
	};
	objectVersion = 56;
	objects = {

/* Begin PBXBuildFile section */
		9C126D372CE515B900CD96C4 /* AppDelegate.swift in Sources */ = {isa = PBXBuildFile; fileRef = 9C126D362CE515B900CD96C4 /* AppDelegate.swift */; };
		9C126D392CE515B900CD96C4 /* SceneDelegate.swift in Sources */ = {isa = PBXBuildFile; fileRef = 9C126D382CE515B900CD96C4 /* SceneDelegate.swift */; };
		9C126D3B2CE515B900CD96C4 /* ViewController.swift in Sources */ = {isa = PBXBuildFile; fileRef = 9C126D3A2CE515B900CD96C4 /* ViewController.swift */; };
		9C126D3E2CE515B900CD96C4 /* Base in Resources */ = {isa = PBXBuildFile; fileRef = 9C126D3D2CE515B900CD96C4 /* Base */; };
		9C126D402CE515BA00CD96C4 /* Assets.xcassets in Resources */ = {isa = PBXBuildFile; fileRef = 9C126D3F2CE515BA00CD96C4 /* Assets.xcassets */; };
		9C126D432CE515BA00CD96C4 /* Base in Resources */ = {isa = PBXBuildFile; fileRef = 9C126D422CE515BA00CD96C4 /* Base */; };
		9C126D4B2CE5167E00CD96C4 /* PaintingCell.swift in Sources */ = {isa = PBXBuildFile; fileRef = 9C126D4A2CE5167E00CD96C4 /* PaintingCell.swift */; };
		9C126D4D2CE51EF200CD96C4 /* GoogleService-Info.plist in Resources */ = {isa = PBXBuildFile; fileRef = 9C126D4C2CE51EF200CD96C4 /* GoogleService-Info.plist */; };
		9C126D502CE520DD00CD96C4 /* FirebaseAnalytics in Frameworks */ = {isa = PBXBuildFile; productRef = 9C126D4F2CE520DD00CD96C4 /* FirebaseAnalytics */; };
		9C126D522CE520DD00CD96C4 /* FirebaseAnalyticsOnDeviceConversion in Frameworks */ = {isa = PBXBuildFile; productRef = 9C126D512CE520DD00CD96C4 /* FirebaseAnalyticsOnDeviceConversion */; };
		9C126D542CE520DD00CD96C4 /* FirebaseAnalyticsWithoutAdIdSupport in Frameworks */ = {isa = PBXBuildFile; productRef = 9C126D532CE520DD00CD96C4 /* FirebaseAnalyticsWithoutAdIdSupport */; };
		9C126D562CE520DD00CD96C4 /* FirebaseAppCheck in Frameworks */ = {isa = PBXBuildFile; productRef = 9C126D552CE520DD00CD96C4 /* FirebaseAppCheck */; };
		9C126D582CE520DD00CD96C4 /* FirebaseAppDistribution-Beta in Frameworks */ = {isa = PBXBuildFile; productRef = 9C126D572CE520DD00CD96C4 /* FirebaseAppDistribution-Beta */; };
		9C126D5B2CE521DD00CD96C4 /* FirebaseAuth in Frameworks */ = {isa = PBXBuildFile; productRef = 9C126D5A2CE521DD00CD96C4 /* FirebaseAuth */; };
		9C126D5D2CE5222700CD96C4 /* DBManager.swift in Sources */ = {isa = PBXBuildFile; fileRef = 9C126D5C2CE5222700CD96C4 /* DBManager.swift */; };
		9C126D5F2CE5228100CD96C4 /* FirebaseDatabase in Frameworks */ = {isa = PBXBuildFile; productRef = 9C126D5E2CE5228100CD96C4 /* FirebaseDatabase */; };
		9C126D642CE530CC00CD96C4 /* loginVC.swift in Sources */ = {isa = PBXBuildFile; fileRef = 9C126D632CE530CC00CD96C4 /* loginVC.swift */; };
		9C126D662CE530DF00CD96C4 /* RegistrationVC.swift in Sources */ = {isa = PBXBuildFile; fileRef = 9C126D652CE530DF00CD96C4 /* RegistrationVC.swift */; };
		9C126D682CE5327000CD96C4 /* Extension.swift in Sources */ = {isa = PBXBuildFile; fileRef = 9C126D672CE5327000CD96C4 /* Extension.swift */; };
		9C126D6A2CE5444C00CD96C4 /* PaintingDetailVC.swift in Sources */ = {isa = PBXBuildFile; fileRef = 9C126D692CE5444C00CD96C4 /* PaintingDetailVC.swift */; };
		9C126D6C2CE54B3600CD96C4 /* FavouriteListVC.swift in Sources */ = {isa = PBXBuildFile; fileRef = 9C126D6B2CE54B3600CD96C4 /* FavouriteListVC.swift */; };
		9C14556F2CF20C6700175569 /* FirebaseFirestore in Frameworks */ = {isa = PBXBuildFile; productRef = 9C14556E2CF20C6700175569 /* FirebaseFirestore */; };
		9C1455712CF20C6700175569 /* FirebaseFirestoreCombine-Community in Frameworks */ = {isa = PBXBuildFile; productRef = 9C1455702CF20C6700175569 /* FirebaseFirestoreCombine-Community */; };
		9C1455732CF2173600175569 /* FirebaseStorage in Frameworks */ = {isa = PBXBuildFile; productRef = 9C1455722CF2173600175569 /* FirebaseStorage */; };
		9C7EA6E22CEDF27100A2D502 /* PaintingViewController.swift in Sources */ = {isa = PBXBuildFile; fileRef = 9C7EA6E12CEDF27100A2D502 /* PaintingViewController.swift */; };
		9C7EA73A2CEE1FB200A2D502 /* DetailsViewController.swift in Sources */ = {isa = PBXBuildFile; fileRef = 9C7EA7392CEE1FB200A2D502 /* DetailsViewController.swift */; };
		9CACD57C2CECAAAF00905DE4 /* MapViewController.swift in Sources */ = {isa = PBXBuildFile; fileRef = 9CACD57B2CECAAAF00905DE4 /* MapViewController.swift */; };
/* End PBXBuildFile section */

/* Begin PBXFileReference section */
		9C126D332CE515B900CD96C4 /* SaraProject.app */ = {isa = PBXFileReference; explicitFileType = wrapper.application; includeInIndex = 0; path = SaraProject.app; sourceTree = BUILT_PRODUCTS_DIR; };
		9C126D362CE515B900CD96C4 /* AppDelegate.swift */ = {isa = PBXFileReference; lastKnownFileType = sourcecode.swift; path = AppDelegate.swift; sourceTree = "<group>"; };
		9C126D382CE515B900CD96C4 /* SceneDelegate.swift */ = {isa = PBXFileReference; lastKnownFileType = sourcecode.swift; path = SceneDelegate.swift; sourceTree = "<group>"; };
		9C126D3A2CE515B900CD96C4 /* ViewController.swift */ = {isa = PBXFileReference; lastKnownFileType = sourcecode.swift; path = ViewController.swift; sourceTree = "<group>"; };
		9C126D3D2CE515B900CD96C4 /* Base */ = {isa = PBXFileReference; lastKnownFileType = file.storyboard; name = Base; path = Base.lproj/Main.storyboard; sourceTree = "<group>"; };
		9C126D3F2CE515BA00CD96C4 /* Assets.xcassets */ = {isa = PBXFileReference; lastKnownFileType = folder.assetcatalog; path = Assets.xcassets; sourceTree = "<group>"; };
		9C126D422CE515BA00CD96C4 /* Base */ = {isa = PBXFileReference; lastKnownFileType = file.storyboard; name = Base; path = Base.lproj/LaunchScreen.storyboard; sourceTree = "<group>"; };
		9C126D442CE515BA00CD96C4 /* Info.plist */ = {isa = PBXFileReference; lastKnownFileType = text.plist.xml; path = Info.plist; sourceTree = "<group>"; };
		9C126D4A2CE5167E00CD96C4 /* PaintingCell.swift */ = {isa = PBXFileReference; lastKnownFileType = sourcecode.swift; path = PaintingCell.swift; sourceTree = "<group>"; };
		9C126D4C2CE51EF200CD96C4 /* GoogleService-Info.plist */ = {isa = PBXFileReference; fileEncoding = 4; lastKnownFileType = text.plist.xml; path = "GoogleService-Info.plist"; sourceTree = "<group>"; };
		9C126D5C2CE5222700CD96C4 /* DBManager.swift */ = {isa = PBXFileReference; lastKnownFileType = sourcecode.swift; path = DBManager.swift; sourceTree = "<group>"; };
		9C126D632CE530CC00CD96C4 /* loginVC.swift */ = {isa = PBXFileReference; lastKnownFileType = sourcecode.swift; path = loginVC.swift; sourceTree = "<group>"; };
		9C126D652CE530DF00CD96C4 /* RegistrationVC.swift */ = {isa = PBXFileReference; lastKnownFileType = sourcecode.swift; path = RegistrationVC.swift; sourceTree = "<group>"; };
		9C126D672CE5327000CD96C4 /* Extension.swift */ = {isa = PBXFileReference; lastKnownFileType = sourcecode.swift; path = Extension.swift; sourceTree = "<group>"; };
		9C126D692CE5444C00CD96C4 /* PaintingDetailVC.swift */ = {isa = PBXFileReference; lastKnownFileType = sourcecode.swift; path = PaintingDetailVC.swift; sourceTree = "<group>"; };
		9C126D6B2CE54B3600CD96C4 /* FavouriteListVC.swift */ = {isa = PBXFileReference; lastKnownFileType = sourcecode.swift; path = FavouriteListVC.swift; sourceTree = "<group>"; };
		9C7EA6E12CEDF27100A2D502 /* PaintingViewController.swift */ = {isa = PBXFileReference; lastKnownFileType = sourcecode.swift; path = PaintingViewController.swift; sourceTree = "<group>"; };
		9C7EA7392CEE1FB200A2D502 /* DetailsViewController.swift */ = {isa = PBXFileReference; lastKnownFileType = sourcecode.swift; path = DetailsViewController.swift; sourceTree = "<group>"; };
		9CACD57B2CECAAAF00905DE4 /* MapViewController.swift */ = {isa = PBXFileReference; lastKnownFileType = sourcecode.swift; path = MapViewController.swift; sourceTree = "<group>"; };
/* End PBXFileReference section */

/* Begin PBXFrameworksBuildPhase section */
		9C126D302CE515B900CD96C4 /* Frameworks */ = {
			isa = PBXFrameworksBuildPhase;
			buildActionMask = 2147483647;
			files = (
				9C126D562CE520DD00CD96C4 /* FirebaseAppCheck in Frameworks */,
				9C126D5B2CE521DD00CD96C4 /* FirebaseAuth in Frameworks */,
				9C126D502CE520DD00CD96C4 /* FirebaseAnalytics in Frameworks */,
				9C1455732CF2173600175569 /* FirebaseStorage in Frameworks */,
				9C1455712CF20C6700175569 /* FirebaseFirestoreCombine-Community in Frameworks */,
				9C126D582CE520DD00CD96C4 /* FirebaseAppDistribution-Beta in Frameworks */,
				9C126D542CE520DD00CD96C4 /* FirebaseAnalyticsWithoutAdIdSupport in Frameworks */,
				9C14556F2CF20C6700175569 /* FirebaseFirestore in Frameworks */,
				9C126D5F2CE5228100CD96C4 /* FirebaseDatabase in Frameworks */,
				9C126D522CE520DD00CD96C4 /* FirebaseAnalyticsOnDeviceConversion in Frameworks */,
			);
			runOnlyForDeploymentPostprocessing = 0;
		};
/* End PBXFrameworksBuildPhase section */

/* Begin PBXGroup section */
		9C126D2A2CE515B900CD96C4 = {
			isa = PBXGroup;
			children = (
				9C126D352CE515B900CD96C4 /* SaraProject */,
				9C126D342CE515B900CD96C4 /* Products */,
				9C126D592CE521DD00CD96C4 /* Frameworks */,
			);
			sourceTree = "<group>";
		};
		9C126D342CE515B900CD96C4 /* Products */ = {
			isa = PBXGroup;
			children = (
				9C126D332CE515B900CD96C4 /* SaraProject.app */,
			);
			name = Products;
			sourceTree = "<group>";
		};
		9C126D352CE515B900CD96C4 /* SaraProject */ = {
			isa = PBXGroup;
			children = (
				9C126D4C2CE51EF200CD96C4 /* GoogleService-Info.plist */,
				9C126D362CE515B900CD96C4 /* AppDelegate.swift */,
				9C126D382CE515B900CD96C4 /* SceneDelegate.swift */,
				9C126D3A2CE515B900CD96C4 /* ViewController.swift */,
				9C126D3C2CE515B900CD96C4 /* Main.storyboard */,
				9C126D3F2CE515BA00CD96C4 /* Assets.xcassets */,
				9C126D412CE515BA00CD96C4 /* LaunchScreen.storyboard */,
				9C126D442CE515BA00CD96C4 /* Info.plist */,
				9C7EA7392CEE1FB200A2D502 /* DetailsViewController.swift */,
				9C126D4A2CE5167E00CD96C4 /* PaintingCell.swift */,
				9CACD57B2CECAAAF00905DE4 /* MapViewController.swift */,
				9C126D5C2CE5222700CD96C4 /* DBManager.swift */,
				9C126D632CE530CC00CD96C4 /* loginVC.swift */,
				9C126D652CE530DF00CD96C4 /* RegistrationVC.swift */,
				9C126D672CE5327000CD96C4 /* Extension.swift */,
				9C126D692CE5444C00CD96C4 /* PaintingDetailVC.swift */,
				9C126D6B2CE54B3600CD96C4 /* FavouriteListVC.swift */,
				9C7EA6E12CEDF27100A2D502 /* PaintingViewController.swift */,
			);
			path = SaraProject;
			sourceTree = "<group>";
		};
		9C126D592CE521DD00CD96C4 /* Frameworks */ = {
			isa = PBXGroup;
			children = (
			);
			name = Frameworks;
			sourceTree = "<group>";
		};
/* End PBXGroup section */

/* Begin PBXNativeTarget section */
		9C126D322CE515B900CD96C4 /* SaraProject */ = {
			isa = PBXNativeTarget;
			buildConfigurationList = 9C126D472CE515BA00CD96C4 /* Build configuration list for PBXNativeTarget "SaraProject" */;
			buildPhases = (
				9C126D2F2CE515B900CD96C4 /* Sources */,
				9C126D302CE515B900CD96C4 /* Frameworks */,
				9C126D312CE515B900CD96C4 /* Resources */,
			);
			buildRules = (
			);
			dependencies = (
			);
			name = SaraProject;
			packageProductDependencies = (
				9C126D4F2CE520DD00CD96C4 /* FirebaseAnalytics */,
				9C126D512CE520DD00CD96C4 /* FirebaseAnalyticsOnDeviceConversion */,
				9C126D532CE520DD00CD96C4 /* FirebaseAnalyticsWithoutAdIdSupport */,
				9C126D552CE520DD00CD96C4 /* FirebaseAppCheck */,
				9C126D572CE520DD00CD96C4 /* FirebaseAppDistribution-Beta */,
				9C126D5A2CE521DD00CD96C4 /* FirebaseAuth */,
				9C126D5E2CE5228100CD96C4 /* FirebaseDatabase */,
				9C14556E2CF20C6700175569 /* FirebaseFirestore */,
				9C1455702CF20C6700175569 /* FirebaseFirestoreCombine-Community */,
				9C1455722CF2173600175569 /* FirebaseStorage */,
			);
			productName = SaraProject;
			productReference = 9C126D332CE515B900CD96C4 /* SaraProject.app */;
			productType = "com.apple.product-type.application";
		};
/* End PBXNativeTarget section */

/* Begin PBXProject section */
		9C126D2B2CE515B900CD96C4 /* Project object */ = {
			isa = PBXProject;
			attributes = {
				BuildIndependentTargetsInParallel = 1;
				LastSwiftUpdateCheck = 1540;
				LastUpgradeCheck = 1540;
				TargetAttributes = {
					9C126D322CE515B900CD96C4 = {
						CreatedOnToolsVersion = 15.4;
					};
				};
			};
			buildConfigurationList = 9C126D2E2CE515B900CD96C4 /* Build configuration list for PBXProject "SaraProject" */;
			compatibilityVersion = "Xcode 14.0";
			developmentRegion = en;
			hasScannedForEncodings = 0;
			knownRegions = (
				en,
				Base,
			);
			mainGroup = 9C126D2A2CE515B900CD96C4;
			packageReferences = (
				9C126D4E2CE520DD00CD96C4 /* XCRemoteSwiftPackageReference "firebase-ios-sdk" */,
			);
			productRefGroup = 9C126D342CE515B900CD96C4 /* Products */;
			projectDirPath = "";
			projectRoot = "";
			targets = (
				9C126D322CE515B900CD96C4 /* SaraProject */,
			);
		};
/* End PBXProject section */

/* Begin PBXResourcesBuildPhase section */
		9C126D312CE515B900CD96C4 /* Resources */ = {
			isa = PBXResourcesBuildPhase;
			buildActionMask = 2147483647;
			files = (
				9C126D402CE515BA00CD96C4 /* Assets.xcassets in Resources */,
				9C126D4D2CE51EF200CD96C4 /* GoogleService-Info.plist in Resources */,
				9C126D432CE515BA00CD96C4 /* Base in Resources */,
				9C126D3E2CE515B900CD96C4 /* Base in Resources */,
			);
			runOnlyForDeploymentPostprocessing = 0;
		};
/* End PBXResourcesBuildPhase section */

/* Begin PBXSourcesBuildPhase section */
		9C126D2F2CE515B900CD96C4 /* Sources */ = {
			isa = PBXSourcesBuildPhase;
			buildActionMask = 2147483647;
			files = (
				9C126D5D2CE5222700CD96C4 /* DBManager.swift in Sources */,
				9C126D3B2CE515B900CD96C4 /* ViewController.swift in Sources */,
				9C126D6C2CE54B3600CD96C4 /* FavouriteListVC.swift in Sources */,
				9C126D372CE515B900CD96C4 /* AppDelegate.swift in Sources */,
				9C7EA6E22CEDF27100A2D502 /* PaintingViewController.swift in Sources */,
				9C126D392CE515B900CD96C4 /* SceneDelegate.swift in Sources */,
				9C126D642CE530CC00CD96C4 /* loginVC.swift in Sources */,
				9C126D6A2CE5444C00CD96C4 /* PaintingDetailVC.swift in Sources */,
				9CACD57C2CECAAAF00905DE4 /* MapViewController.swift in Sources */,
				9C126D662CE530DF00CD96C4 /* RegistrationVC.swift in Sources */,
				9C126D4B2CE5167E00CD96C4 /* PaintingCell.swift in Sources */,
				9C7EA73A2CEE1FB200A2D502 /* DetailsViewController.swift in Sources */,
				9C126D682CE5327000CD96C4 /* Extension.swift in Sources */,
			);
			runOnlyForDeploymentPostprocessing = 0;
		};
/* End PBXSourcesBuildPhase section */

/* Begin PBXVariantGroup section */
		9C126D3C2CE515B900CD96C4 /* Main.storyboard */ = {
			isa = PBXVariantGroup;
			children = (
				9C126D3D2CE515B900CD96C4 /* Base */,
			);
			name = Main.storyboard;
			sourceTree = "<group>";
		};
		9C126D412CE515BA00CD96C4 /* LaunchScreen.storyboard */ = {
			isa = PBXVariantGroup;
			children = (
				9C126D422CE515BA00CD96C4 /* Base */,
			);
			name = LaunchScreen.storyboard;
			sourceTree = "<group>";
		};
/* End PBXVariantGroup section */

/* Begin XCBuildConfiguration section */
		9C126D452CE515BA00CD96C4 /* Debug */ = {
			isa = XCBuildConfiguration;
			buildSettings = {
				ALWAYS_SEARCH_USER_PATHS = NO;
				ASSETCATALOG_COMPILER_GENERATE_SWIFT_ASSET_SYMBOL_EXTENSIONS = YES;
				CLANG_ANALYZER_NONNULL = YES;
				CLANG_ANALYZER_NUMBER_OBJECT_CONVERSION = YES_AGGRESSIVE;
				CLANG_CXX_LANGUAGE_STANDARD = "gnu++20";
				CLANG_ENABLE_MODULES = YES;
				CLANG_ENABLE_OBJC_ARC = YES;
				CLANG_ENABLE_OBJC_WEAK = YES;
				CLANG_WARN_BLOCK_CAPTURE_AUTORELEASING = YES;
				CLANG_WARN_BOOL_CONVERSION = YES;
				CLANG_WARN_COMMA = YES;
				CLANG_WARN_CONSTANT_CONVERSION = YES;
				CLANG_WARN_DEPRECATED_OBJC_IMPLEMENTATIONS = YES;
				CLANG_WARN_DIRECT_OBJC_ISA_USAGE = YES_ERROR;
				CLANG_WARN_DOCUMENTATION_COMMENTS = YES;
				CLANG_WARN_EMPTY_BODY = YES;
				CLANG_WARN_ENUM_CONVERSION = YES;
				CLANG_WARN_INFINITE_RECURSION = YES;
				CLANG_WARN_INT_CONVERSION = YES;
				CLANG_WARN_NON_LITERAL_NULL_CONVERSION = YES;
				CLANG_WARN_OBJC_IMPLICIT_RETAIN_SELF = YES;
				CLANG_WARN_OBJC_LITERAL_CONVERSION = YES;
				CLANG_WARN_OBJC_ROOT_CLASS = YES_ERROR;
				CLANG_WARN_QUOTED_INCLUDE_IN_FRAMEWORK_HEADER = YES;
				CLANG_WARN_RANGE_LOOP_ANALYSIS = YES;
				CLANG_WARN_STRICT_PROTOTYPES = YES;
				CLANG_WARN_SUSPICIOUS_MOVE = YES;
				CLANG_WARN_UNGUARDED_AVAILABILITY = YES_AGGRESSIVE;
				CLANG_WARN_UNREACHABLE_CODE = YES;
				CLANG_WARN__DUPLICATE_METHOD_MATCH = YES;
				COPY_PHASE_STRIP = NO;
				DEBUG_INFORMATION_FORMAT = dwarf;
				ENABLE_STRICT_OBJC_MSGSEND = YES;
				ENABLE_TESTABILITY = YES;
				ENABLE_USER_SCRIPT_SANDBOXING = YES;
				GCC_C_LANGUAGE_STANDARD = gnu17;
				GCC_DYNAMIC_NO_PIC = NO;
				GCC_NO_COMMON_BLOCKS = YES;
				GCC_OPTIMIZATION_LEVEL = 0;
				GCC_PREPROCESSOR_DEFINITIONS = (
					"DEBUG=1",
					"$(inherited)",
				);
				GCC_WARN_64_TO_32_BIT_CONVERSION = YES;
				GCC_WARN_ABOUT_RETURN_TYPE = YES_ERROR;
				GCC_WARN_UNDECLARED_SELECTOR = YES;
				GCC_WARN_UNINITIALIZED_AUTOS = YES_AGGRESSIVE;
				GCC_WARN_UNUSED_FUNCTION = YES;
				GCC_WARN_UNUSED_VARIABLE = YES;
				IPHONEOS_DEPLOYMENT_TARGET = 17.5;
				LOCALIZATION_PREFERS_STRING_CATALOGS = YES;
				MTL_ENABLE_DEBUG_INFO = INCLUDE_SOURCE;
				MTL_FAST_MATH = YES;
				ONLY_ACTIVE_ARCH = YES;
				SDKROOT = iphoneos;
				SWIFT_ACTIVE_COMPILATION_CONDITIONS = "DEBUG $(inherited)";
				SWIFT_OPTIMIZATION_LEVEL = "-Onone";
			};
			name = Debug;
		};
		9C126D462CE515BA00CD96C4 /* Release */ = {
			isa = XCBuildConfiguration;
			buildSettings = {
				ALWAYS_SEARCH_USER_PATHS = NO;
				ASSETCATALOG_COMPILER_GENERATE_SWIFT_ASSET_SYMBOL_EXTENSIONS = YES;
				CLANG_ANALYZER_NONNULL = YES;
				CLANG_ANALYZER_NUMBER_OBJECT_CONVERSION = YES_AGGRESSIVE;
				CLANG_CXX_LANGUAGE_STANDARD = "gnu++20";
				CLANG_ENABLE_MODULES = YES;
				CLANG_ENABLE_OBJC_ARC = YES;
				CLANG_ENABLE_OBJC_WEAK = YES;
				CLANG_WARN_BLOCK_CAPTURE_AUTORELEASING = YES;
				CLANG_WARN_BOOL_CONVERSION = YES;
				CLANG_WARN_COMMA = YES;
				CLANG_WARN_CONSTANT_CONVERSION = YES;
				CLANG_WARN_DEPRECATED_OBJC_IMPLEMENTATIONS = YES;
				CLANG_WARN_DIRECT_OBJC_ISA_USAGE = YES_ERROR;
				CLANG_WARN_DOCUMENTATION_COMMENTS = YES;
				CLANG_WARN_EMPTY_BODY = YES;
				CLANG_WARN_ENUM_CONVERSION = YES;
				CLANG_WARN_INFINITE_RECURSION = YES;
				CLANG_WARN_INT_CONVERSION = YES;
				CLANG_WARN_NON_LITERAL_NULL_CONVERSION = YES;
				CLANG_WARN_OBJC_IMPLICIT_RETAIN_SELF = YES;
				CLANG_WARN_OBJC_LITERAL_CONVERSION = YES;
				CLANG_WARN_OBJC_ROOT_CLASS = YES_ERROR;
				CLANG_WARN_QUOTED_INCLUDE_IN_FRAMEWORK_HEADER = YES;
				CLANG_WARN_RANGE_LOOP_ANALYSIS = YES;
				CLANG_WARN_STRICT_PROTOTYPES = YES;
				CLANG_WARN_SUSPICIOUS_MOVE = YES;
				CLANG_WARN_UNGUARDED_AVAILABILITY = YES_AGGRESSIVE;
				CLANG_WARN_UNREACHABLE_CODE = YES;
				CLANG_WARN__DUPLICATE_METHOD_MATCH = YES;
				COPY_PHASE_STRIP = NO;
				DEBUG_INFORMATION_FORMAT = "dwarf-with-dsym";
				ENABLE_NS_ASSERTIONS = NO;
				ENABLE_STRICT_OBJC_MSGSEND = YES;
				ENABLE_USER_SCRIPT_SANDBOXING = YES;
				GCC_C_LANGUAGE_STANDARD = gnu17;
				GCC_NO_COMMON_BLOCKS = YES;
				GCC_WARN_64_TO_32_BIT_CONVERSION = YES;
				GCC_WARN_ABOUT_RETURN_TYPE = YES_ERROR;
				GCC_WARN_UNDECLARED_SELECTOR = YES;
				GCC_WARN_UNINITIALIZED_AUTOS = YES_AGGRESSIVE;
				GCC_WARN_UNUSED_FUNCTION = YES;
				GCC_WARN_UNUSED_VARIABLE = YES;
				IPHONEOS_DEPLOYMENT_TARGET = 17.5;
				LOCALIZATION_PREFERS_STRING_CATALOGS = YES;
				MTL_ENABLE_DEBUG_INFO = NO;
				MTL_FAST_MATH = YES;
				SDKROOT = iphoneos;
				SWIFT_COMPILATION_MODE = wholemodule;
				VALIDATE_PRODUCT = YES;
			};
			name = Release;
		};
		9C126D482CE515BA00CD96C4 /* Debug */ = {
			isa = XCBuildConfiguration;
			buildSettings = {
				ASSETCATALOG_COMPILER_APPICON_NAME = AppIcon;
				ASSETCATALOG_COMPILER_GLOBAL_ACCENT_COLOR_NAME = AccentColor;
				CODE_SIGN_STYLE = Automatic;
				CURRENT_PROJECT_VERSION = 1;
				DEVELOPMENT_TEAM = VKCJ868Q85;
				GENERATE_INFOPLIST_FILE = YES;
				INFOPLIST_FILE = SaraProject/Info.plist;
				INFOPLIST_KEY_NSCameraUsageDescription = "App wants to use camera";
				INFOPLIST_KEY_UIApplicationSupportsIndirectInputEvents = YES;
				INFOPLIST_KEY_UILaunchStoryboardName = LaunchScreen;
				INFOPLIST_KEY_UIMainStoryboardFile = Main;
				INFOPLIST_KEY_UISupportedInterfaceOrientations_iPad = "UIInterfaceOrientationPortrait UIInterfaceOrientationPortraitUpsideDown UIInterfaceOrientationLandscapeLeft UIInterfaceOrientationLandscapeRight";
				INFOPLIST_KEY_UISupportedInterfaceOrientations_iPhone = "UIInterfaceOrientationPortrait UIInterfaceOrientationLandscapeLeft UIInterfaceOrientationLandscapeRight";
				LD_RUNPATH_SEARCH_PATHS = (
					"$(inherited)",
					"@executable_path/Frameworks",
				);
				MARKETING_VERSION = 1.0;
				PRODUCT_BUNDLE_IDENTIFIER = com.sara.painting;
				PRODUCT_NAME = "$(TARGET_NAME)";
				SWIFT_EMIT_LOC_STRINGS = YES;
				SWIFT_VERSION = 5.0;
				TARGETED_DEVICE_FAMILY = "1,2";
			};
			name = Debug;
		};
		9C126D492CE515BA00CD96C4 /* Release */ = {
			isa = XCBuildConfiguration;
			buildSettings = {
				ASSETCATALOG_COMPILER_APPICON_NAME = AppIcon;
				ASSETCATALOG_COMPILER_GLOBAL_ACCENT_COLOR_NAME = AccentColor;
				CODE_SIGN_STYLE = Automatic;
				CURRENT_PROJECT_VERSION = 1;
				DEVELOPMENT_TEAM = VKCJ868Q85;
				GENERATE_INFOPLIST_FILE = YES;
				INFOPLIST_FILE = SaraProject/Info.plist;
				INFOPLIST_KEY_NSCameraUsageDescription = "App wants to use camera";
				INFOPLIST_KEY_UIApplicationSupportsIndirectInputEvents = YES;
				INFOPLIST_KEY_UILaunchStoryboardName = LaunchScreen;
				INFOPLIST_KEY_UIMainStoryboardFile = Main;
				INFOPLIST_KEY_UISupportedInterfaceOrientations_iPad = "UIInterfaceOrientationPortrait UIInterfaceOrientationPortraitUpsideDown UIInterfaceOrientationLandscapeLeft UIInterfaceOrientationLandscapeRight";
				INFOPLIST_KEY_UISupportedInterfaceOrientations_iPhone = "UIInterfaceOrientationPortrait UIInterfaceOrientationLandscapeLeft UIInterfaceOrientationLandscapeRight";
				LD_RUNPATH_SEARCH_PATHS = (
					"$(inherited)",
					"@executable_path/Frameworks",
				);
				MARKETING_VERSION = 1.0;
				PRODUCT_BUNDLE_IDENTIFIER = com.sara.painting;
				PRODUCT_NAME = "$(TARGET_NAME)";
				SWIFT_EMIT_LOC_STRINGS = YES;
				SWIFT_VERSION = 5.0;
				TARGETED_DEVICE_FAMILY = "1,2";
			};
			name = Release;
		};
/* End XCBuildConfiguration section */

/* Begin XCConfigurationList section */
		9C126D2E2CE515B900CD96C4 /* Build configuration list for PBXProject "SaraProject" */ = {
			isa = XCConfigurationList;
			buildConfigurations = (
				9C126D452CE515BA00CD96C4 /* Debug */,
				9C126D462CE515BA00CD96C4 /* Release */,
			);
			defaultConfigurationIsVisible = 0;
			defaultConfigurationName = Release;
		};
		9C126D472CE515BA00CD96C4 /* Build configuration list for PBXNativeTarget "SaraProject" */ = {
			isa = XCConfigurationList;
			buildConfigurations = (
				9C126D482CE515BA00CD96C4 /* Debug */,
				9C126D492CE515BA00CD96C4 /* Release */,
			);
			defaultConfigurationIsVisible = 0;
			defaultConfigurationName = Release;
		};
/* End XCConfigurationList section */

/* Begin XCRemoteSwiftPackageReference section */
		9C126D4E2CE520DD00CD96C4 /* XCRemoteSwiftPackageReference "firebase-ios-sdk" */ = {
			isa = XCRemoteSwiftPackageReference;
			repositoryURL = "https://github.com/firebase/firebase-ios-sdk.git";
			requirement = {
				kind = upToNextMajorVersion;
				minimumVersion = 11.5.0;
			};
		};
/* End XCRemoteSwiftPackageReference section */

/* Begin XCSwiftPackageProductDependency section */
		9C126D4F2CE520DD00CD96C4 /* FirebaseAnalytics */ = {
			isa = XCSwiftPackageProductDependency;
			package = 9C126D4E2CE520DD00CD96C4 /* XCRemoteSwiftPackageReference "firebase-ios-sdk" */;
			productName = FirebaseAnalytics;
		};
		9C126D512CE520DD00CD96C4 /* FirebaseAnalyticsOnDeviceConversion */ = {
			isa = XCSwiftPackageProductDependency;
			package = 9C126D4E2CE520DD00CD96C4 /* XCRemoteSwiftPackageReference "firebase-ios-sdk" */;
			productName = FirebaseAnalyticsOnDeviceConversion;
		};
		9C126D532CE520DD00CD96C4 /* FirebaseAnalyticsWithoutAdIdSupport */ = {
			isa = XCSwiftPackageProductDependency;
			package = 9C126D4E2CE520DD00CD96C4 /* XCRemoteSwiftPackageReference "firebase-ios-sdk" */;
			productName = FirebaseAnalyticsWithoutAdIdSupport;
		};
		9C126D552CE520DD00CD96C4 /* FirebaseAppCheck */ = {
			isa = XCSwiftPackageProductDependency;
			package = 9C126D4E2CE520DD00CD96C4 /* XCRemoteSwiftPackageReference "firebase-ios-sdk" */;
			productName = FirebaseAppCheck;
		};
		9C126D572CE520DD00CD96C4 /* FirebaseAppDistribution-Beta */ = {
			isa = XCSwiftPackageProductDependency;
			package = 9C126D4E2CE520DD00CD96C4 /* XCRemoteSwiftPackageReference "firebase-ios-sdk" */;
			productName = "FirebaseAppDistribution-Beta";
		};
		9C126D5A2CE521DD00CD96C4 /* FirebaseAuth */ = {
			isa = XCSwiftPackageProductDependency;
			package = 9C126D4E2CE520DD00CD96C4 /* XCRemoteSwiftPackageReference "firebase-ios-sdk" */;
			productName = FirebaseAuth;
		};
		9C126D5E2CE5228100CD96C4 /* FirebaseDatabase */ = {
			isa = XCSwiftPackageProductDependency;
			package = 9C126D4E2CE520DD00CD96C4 /* XCRemoteSwiftPackageReference "firebase-ios-sdk" */;
			productName = FirebaseDatabase;
		};
		9C14556E2CF20C6700175569 /* FirebaseFirestore */ = {
			isa = XCSwiftPackageProductDependency;
			package = 9C126D4E2CE520DD00CD96C4 /* XCRemoteSwiftPackageReference "firebase-ios-sdk" */;
			productName = FirebaseFirestore;
		};
		9C1455702CF20C6700175569 /* FirebaseFirestoreCombine-Community */ = {
			isa = XCSwiftPackageProductDependency;
			package = 9C126D4E2CE520DD00CD96C4 /* XCRemoteSwiftPackageReference "firebase-ios-sdk" */;
			productName = "FirebaseFirestoreCombine-Community";
		};
		9C1455722CF2173600175569 /* FirebaseStorage */ = {
			isa = XCSwiftPackageProductDependency;
			package = 9C126D4E2CE520DD00CD96C4 /* XCRemoteSwiftPackageReference "firebase-ios-sdk" */;
			productName = FirebaseStorage;
		};
/* End XCSwiftPackageProductDependency section */
	};
	rootObject = 9C126D2B2CE515B900CD96C4 /* Project object */;
}
