// !$*UTF8*$!
{
	archiveVersion = 1;
	classes = {
	};
	objectVersion = 56;
	objects = {

/* Begin PBXBuildFile section */
		9C2EA5262CD68CE4008DB775 /* EnibuisnessApp.swift in Sources */ = {isa = PBXBuildFile; fileRef = 9C2EA5252CD68CE4008DB775 /* EnibuisnessApp.swift */; };
		9C2EA5282CD68CE4008DB775 /* ContentView.swift in Sources */ = {isa = PBXBuildFile; fileRef = 9C2EA5272CD68CE4008DB775 /* ContentView.swift */; };
		9C2EA52A2CD68CE6008DB775 /* Assets.xcassets in Resources */ = {isa = PBXBuildFile; fileRef = 9C2EA5292CD68CE6008DB775 /* Assets.xcassets */; };
		9C2EA52D2CD68CE6008DB775 /* Preview Assets.xcassets in Resources */ = {isa = PBXBuildFile; fileRef = 9C2EA52C2CD68CE6008DB775 /* Preview Assets.xcassets */; };
		9C2EA5372CD69024008DB775 /* LoginView.swift in Sources */ = {isa = PBXBuildFile; fileRef = 9C2EA5362CD69024008DB775 /* LoginView.swift */; };
		9C2EA5392CD69067008DB775 /* LoginVM.swift in Sources */ = {isa = PBXBuildFile; fileRef = 9C2EA5382CD69067008DB775 /* LoginVM.swift */; };
		9C2EA53C2CD690C4008DB775 /* TabView.swift in Sources */ = {isa = PBXBuildFile; fileRef = 9C2EA53B2CD690C4008DB775 /* TabView.swift */; };
		9C2EA53E2CD690E3008DB775 /* GroupView.swift in Sources */ = {isa = PBXBuildFile; fileRef = 9C2EA53D2CD690E3008DB775 /* GroupView.swift */; };
		9C2EA5412CD690F7008DB775 /* GroupVM.swift in Sources */ = {isa = PBXBuildFile; fileRef = 9C2EA5402CD690F7008DB775 /* GroupVM.swift */; };
		9C2EA5432CD69102008DB775 /* SettingsView.swift in Sources */ = {isa = PBXBuildFile; fileRef = 9C2EA5422CD69102008DB775 /* SettingsView.swift */; };
		9C2EA5462CD69113008DB775 /* SettingsVM.swift in Sources */ = {isa = PBXBuildFile; fileRef = 9C2EA5452CD69113008DB775 /* SettingsVM.swift */; };
		9C2EA5492CD691CB008DB775 /* ChatView.swift in Sources */ = {isa = PBXBuildFile; fileRef = 9C2EA5482CD691CB008DB775 /* ChatView.swift */; };
		9C2EA54B2CD691D2008DB775 /* ChatVM.swift in Sources */ = {isa = PBXBuildFile; fileRef = 9C2EA54A2CD691D2008DB775 /* ChatVM.swift */; };
		9C2EA5532CD6B48F008DB775 /* AppCoordinator.swift in Sources */ = {isa = PBXBuildFile; fileRef = 9C2EA5522CD6B48F008DB775 /* AppCoordinator.swift */; };
		9C2EA5562CD6B4C8008DB775 /* NetworkManager.swift in Sources */ = {isa = PBXBuildFile; fileRef = 9C2EA5552CD6B4C8008DB775 /* NetworkManager.swift */; };
		9C2EA5582CD6B4D2008DB775 /* ApiEndpoints.swift in Sources */ = {isa = PBXBuildFile; fileRef = 9C2EA5572CD6B4D2008DB775 /* ApiEndpoints.swift */; };
		9C2EA55A2CD6B4F6008DB775 /* Constant.swift in Sources */ = {isa = PBXBuildFile; fileRef = 9C2EA5592CD6B4F6008DB775 /* Constant.swift */; };
/* End PBXBuildFile section */

/* Begin PBXFileReference section */
		9C2EA5222CD68CE4008DB775 /* Enibuisness.app */ = {isa = PBXFileReference; explicitFileType = wrapper.application; includeInIndex = 0; path = Enibuisness.app; sourceTree = BUILT_PRODUCTS_DIR; };
		9C2EA5252CD68CE4008DB775 /* EnibuisnessApp.swift */ = {isa = PBXFileReference; lastKnownFileType = sourcecode.swift; path = EnibuisnessApp.swift; sourceTree = "<group>"; };
		9C2EA5272CD68CE4008DB775 /* ContentView.swift */ = {isa = PBXFileReference; lastKnownFileType = sourcecode.swift; path = ContentView.swift; sourceTree = "<group>"; };
		9C2EA5292CD68CE6008DB775 /* Assets.xcassets */ = {isa = PBXFileReference; lastKnownFileType = folder.assetcatalog; path = Assets.xcassets; sourceTree = "<group>"; };
		9C2EA52C2CD68CE6008DB775 /* Preview Assets.xcassets */ = {isa = PBXFileReference; lastKnownFileType = folder.assetcatalog; path = "Preview Assets.xcassets"; sourceTree = "<group>"; };
		9C2EA5362CD69024008DB775 /* LoginView.swift */ = {isa = PBXFileReference; lastKnownFileType = sourcecode.swift; path = LoginView.swift; sourceTree = "<group>"; };
		9C2EA5382CD69067008DB775 /* LoginVM.swift */ = {isa = PBXFileReference; lastKnownFileType = sourcecode.swift; path = LoginVM.swift; sourceTree = "<group>"; };
		9C2EA53B2CD690C4008DB775 /* TabView.swift */ = {isa = PBXFileReference; lastKnownFileType = sourcecode.swift; path = TabView.swift; sourceTree = "<group>"; };
		9C2EA53D2CD690E3008DB775 /* GroupView.swift */ = {isa = PBXFileReference; lastKnownFileType = sourcecode.swift; path = GroupView.swift; sourceTree = "<group>"; };
		9C2EA5402CD690F7008DB775 /* GroupVM.swift */ = {isa = PBXFileReference; lastKnownFileType = sourcecode.swift; path = GroupVM.swift; sourceTree = "<group>"; };
		9C2EA5422CD69102008DB775 /* SettingsView.swift */ = {isa = PBXFileReference; lastKnownFileType = sourcecode.swift; path = SettingsView.swift; sourceTree = "<group>"; };
		9C2EA5452CD69113008DB775 /* SettingsVM.swift */ = {isa = PBXFileReference; lastKnownFileType = sourcecode.swift; path = SettingsVM.swift; sourceTree = "<group>"; };
		9C2EA5482CD691CB008DB775 /* ChatView.swift */ = {isa = PBXFileReference; lastKnownFileType = sourcecode.swift; path = ChatView.swift; sourceTree = "<group>"; };
		9C2EA54A2CD691D2008DB775 /* ChatVM.swift */ = {isa = PBXFileReference; lastKnownFileType = sourcecode.swift; path = ChatVM.swift; sourceTree = "<group>"; };
		9C2EA5522CD6B48F008DB775 /* AppCoordinator.swift */ = {isa = PBXFileReference; lastKnownFileType = sourcecode.swift; path = AppCoordinator.swift; sourceTree = "<group>"; };
		9C2EA5552CD6B4C8008DB775 /* NetworkManager.swift */ = {isa = PBXFileReference; lastKnownFileType = sourcecode.swift; path = NetworkManager.swift; sourceTree = "<group>"; };
		9C2EA5572CD6B4D2008DB775 /* ApiEndpoints.swift */ = {isa = PBXFileReference; lastKnownFileType = sourcecode.swift; path = ApiEndpoints.swift; sourceTree = "<group>"; };
		9C2EA5592CD6B4F6008DB775 /* Constant.swift */ = {isa = PBXFileReference; lastKnownFileType = sourcecode.swift; path = Constant.swift; sourceTree = "<group>"; };
/* End PBXFileReference section */

/* Begin PBXFrameworksBuildPhase section */
		9C2EA51F2CD68CE4008DB775 /* Frameworks */ = {
			isa = PBXFrameworksBuildPhase;
			buildActionMask = 2147483647;
			files = (
			);
			runOnlyForDeploymentPostprocessing = 0;
		};
/* End PBXFrameworksBuildPhase section */

/* Begin PBXGroup section */
		9C2EA5192CD68CE4008DB775 = {
			isa = PBXGroup;
			children = (
				9C2EA5242CD68CE4008DB775 /* Enibuisness */,
				9C2EA5232CD68CE4008DB775 /* Products */,
			);
			sourceTree = "<group>";
		};
		9C2EA5232CD68CE4008DB775 /* Products */ = {
			isa = PBXGroup;
			children = (
				9C2EA5222CD68CE4008DB775 /* Enibuisness.app */,
			);
			name = Products;
			sourceTree = "<group>";
		};
		9C2EA5242CD68CE4008DB775 /* Enibuisness */ = {
			isa = PBXGroup;
			children = (
				9C2EA5512CD6B468008DB775 /* Coordinators */,
				9C2EA5502CD6B41D008DB775 /* Services */,
				9C2EA54F2CD6B415008DB775 /* Utils */,
				9C2EA54D2CD6B3FD008DB775 /* Views */,
				9C2EA54C2CD6B3EE008DB775 /* ViewModels */,
				9C2EA5252CD68CE4008DB775 /* EnibuisnessApp.swift */,
				9C2EA5272CD68CE4008DB775 /* ContentView.swift */,
				9C2EA5292CD68CE6008DB775 /* Assets.xcassets */,
				9C2EA52B2CD68CE6008DB775 /* Preview Content */,
			);
			path = Enibuisness;
			sourceTree = "<group>";
		};
		9C2EA52B2CD68CE6008DB775 /* Preview Content */ = {
			isa = PBXGroup;
			children = (
				9C2EA52C2CD68CE6008DB775 /* Preview Assets.xcassets */,
			);
			path = "Preview Content";
			sourceTree = "<group>";
		};
		9C2EA54C2CD6B3EE008DB775 /* ViewModels */ = {
			isa = PBXGroup;
			children = (
				9C2EA5382CD69067008DB775 /* LoginVM.swift */,
				9C2EA5402CD690F7008DB775 /* GroupVM.swift */,
				9C2EA54A2CD691D2008DB775 /* ChatVM.swift */,
				9C2EA5452CD69113008DB775 /* SettingsVM.swift */,
			);
			path = ViewModels;
			sourceTree = "<group>";
		};
		9C2EA54D2CD6B3FD008DB775 /* Views */ = {
			isa = PBXGroup;
			children = (
				9C2EA53B2CD690C4008DB775 /* TabView.swift */,
				9C2EA5362CD69024008DB775 /* LoginView.swift */,
				9C2EA53D2CD690E3008DB775 /* GroupView.swift */,
				9C2EA5482CD691CB008DB775 /* ChatView.swift */,
				9C2EA5422CD69102008DB775 /* SettingsView.swift */,
			);
			path = Views;
			sourceTree = "<group>";
		};
		9C2EA54F2CD6B415008DB775 /* Utils */ = {
			isa = PBXGroup;
			children = (
				9C2EA55B2CD6B501008DB775 /* Fonts */,
				9C2EA5592CD6B4F6008DB775 /* Constant.swift */,
			);
			path = Utils;
			sourceTree = "<group>";
		};
		9C2EA5502CD6B41D008DB775 /* Services */ = {
			isa = PBXGroup;
			children = (
				9C2EA5542CD6B4BC008DB775 /* Networking */,
			);
			path = Services;
			sourceTree = "<group>";
		};
		9C2EA5512CD6B468008DB775 /* Coordinators */ = {
			isa = PBXGroup;
			children = (
				9C2EA5522CD6B48F008DB775 /* AppCoordinator.swift */,
			);
			path = Coordinators;
			sourceTree = "<group>";
		};
		9C2EA5542CD6B4BC008DB775 /* Networking */ = {
			isa = PBXGroup;
			children = (
				9C2EA5552CD6B4C8008DB775 /* NetworkManager.swift */,
				9C2EA5572CD6B4D2008DB775 /* ApiEndpoints.swift */,
			);
			path = Networking;
			sourceTree = "<group>";
		};
		9C2EA55B2CD6B501008DB775 /* Fonts */ = {
			isa = PBXGroup;
			children = (
			);
			path = Fonts;
			sourceTree = "<group>";
		};
/* End PBXGroup section */

/* Begin PBXNativeTarget section */
		9C2EA5212CD68CE4008DB775 /* Enibuisness */ = {
			isa = PBXNativeTarget;
			buildConfigurationList = 9C2EA5302CD68CE6008DB775 /* Build configuration list for PBXNativeTarget "Enibuisness" */;
			buildPhases = (
				9C2EA51E2CD68CE4008DB775 /* Sources */,
				9C2EA51F2CD68CE4008DB775 /* Frameworks */,
				9C2EA5202CD68CE4008DB775 /* Resources */,
			);
			buildRules = (
			);
			dependencies = (
			);
			name = Enibuisness;
			productName = Enibuisness;
			productReference = 9C2EA5222CD68CE4008DB775 /* Enibuisness.app */;
			productType = "com.apple.product-type.application";
		};
/* End PBXNativeTarget section */

/* Begin PBXProject section */
		9C2EA51A2CD68CE4008DB775 /* Project object */ = {
			isa = PBXProject;
			attributes = {
				BuildIndependentTargetsInParallel = 1;
				LastSwiftUpdateCheck = 1540;
				LastUpgradeCheck = 1540;
				TargetAttributes = {
					9C2EA5212CD68CE4008DB775 = {
						CreatedOnToolsVersion = 15.4;
					};
				};
			};
			buildConfigurationList = 9C2EA51D2CD68CE4008DB775 /* Build configuration list for PBXProject "Enibuisness" */;
			compatibilityVersion = "Xcode 14.0";
			developmentRegion = en;
			hasScannedForEncodings = 0;
			knownRegions = (
				en,
				Base,
			);
			mainGroup = 9C2EA5192CD68CE4008DB775;
			productRefGroup = 9C2EA5232CD68CE4008DB775 /* Products */;
			projectDirPath = "";
			projectRoot = "";
			targets = (
				9C2EA5212CD68CE4008DB775 /* Enibuisness */,
			);
		};
/* End PBXProject section */

/* Begin PBXResourcesBuildPhase section */
		9C2EA5202CD68CE4008DB775 /* Resources */ = {
			isa = PBXResourcesBuildPhase;
			buildActionMask = 2147483647;
			files = (
				9C2EA52D2CD68CE6008DB775 /* Preview Assets.xcassets in Resources */,
				9C2EA52A2CD68CE6008DB775 /* Assets.xcassets in Resources */,
			);
			runOnlyForDeploymentPostprocessing = 0;
		};
/* End PBXResourcesBuildPhase section */

/* Begin PBXSourcesBuildPhase section */
		9C2EA51E2CD68CE4008DB775 /* Sources */ = {
			isa = PBXSourcesBuildPhase;
			buildActionMask = 2147483647;
			files = (
				9C2EA5532CD6B48F008DB775 /* AppCoordinator.swift in Sources */,
				9C2EA53C2CD690C4008DB775 /* TabView.swift in Sources */,
				9C2EA55A2CD6B4F6008DB775 /* Constant.swift in Sources */,
				9C2EA5432CD69102008DB775 /* SettingsView.swift in Sources */,
				9C2EA5562CD6B4C8008DB775 /* NetworkManager.swift in Sources */,
				9C2EA5492CD691CB008DB775 /* ChatView.swift in Sources */,
				9C2EA5392CD69067008DB775 /* LoginVM.swift in Sources */,
				9C2EA53E2CD690E3008DB775 /* GroupView.swift in Sources */,
				9C2EA5412CD690F7008DB775 /* GroupVM.swift in Sources */,
				9C2EA5372CD69024008DB775 /* LoginView.swift in Sources */,
				9C2EA5582CD6B4D2008DB775 /* ApiEndpoints.swift in Sources */,
				9C2EA5282CD68CE4008DB775 /* ContentView.swift in Sources */,
				9C2EA5262CD68CE4008DB775 /* EnibuisnessApp.swift in Sources */,
				9C2EA54B2CD691D2008DB775 /* ChatVM.swift in Sources */,
				9C2EA5462CD69113008DB775 /* SettingsVM.swift in Sources */,
			);
			runOnlyForDeploymentPostprocessing = 0;
		};
/* End PBXSourcesBuildPhase section */

/* Begin XCBuildConfiguration section */
		9C2EA52E2CD68CE6008DB775 /* Debug */ = {
			isa = XCBuildConfiguration;
			buildSettings = {
				ALWAYS_SEARCH_USER_PATHS = NO;
				ASSETCATALOG_COMPILER_GENERATE_SWIFT_ASSET_SYMBOL_EXTENSIONS = YES;
				CLANG_ANALYZER_NONNULL = YES;
				CLANG_ANALYZER_NUMBER_OBJECT_CONVERSION = YES_AGGRESSIVE;
				CLANG_CXX_LANGUAGE_STANDARD = "gnu++20";
				CLANG_ENABLE_MODULES = YES;
				CLANG_ENABLE_OBJC_ARC = YES;
				CLANG_ENABLE_OBJC_WEAK = YES;
				CLANG_WARN_BLOCK_CAPTURE_AUTORELEASING = YES;
				CLANG_WARN_BOOL_CONVERSION = YES;
				CLANG_WARN_COMMA = YES;
				CLANG_WARN_CONSTANT_CONVERSION = YES;
				CLANG_WARN_DEPRECATED_OBJC_IMPLEMENTATIONS = YES;
				CLANG_WARN_DIRECT_OBJC_ISA_USAGE = YES_ERROR;
				CLANG_WARN_DOCUMENTATION_COMMENTS = YES;
				CLANG_WARN_EMPTY_BODY = YES;
				CLANG_WARN_ENUM_CONVERSION = YES;
				CLANG_WARN_INFINITE_RECURSION = YES;
				CLANG_WARN_INT_CONVERSION = YES;
				CLANG_WARN_NON_LITERAL_NULL_CONVERSION = YES;
				CLANG_WARN_OBJC_IMPLICIT_RETAIN_SELF = YES;
				CLANG_WARN_OBJC_LITERAL_CONVERSION = YES;
				CLANG_WARN_OBJC_ROOT_CLASS = YES_ERROR;
				CLANG_WARN_QUOTED_INCLUDE_IN_FRAMEWORK_HEADER = YES;
				CLANG_WARN_RANGE_LOOP_ANALYSIS = YES;
				CLANG_WARN_STRICT_PROTOTYPES = YES;
				CLANG_WARN_SUSPICIOUS_MOVE = YES;
				CLANG_WARN_UNGUARDED_AVAILABILITY = YES_AGGRESSIVE;
				CLANG_WARN_UNREACHABLE_CODE = YES;
				CLANG_WARN__DUPLICATE_METHOD_MATCH = YES;
				COPY_PHASE_STRIP = NO;
				DEBUG_INFORMATION_FORMAT = dwarf;
				ENABLE_STRICT_OBJC_MSGSEND = YES;
				ENABLE_TESTABILITY = YES;
				ENABLE_USER_SCRIPT_SANDBOXING = YES;
				GCC_C_LANGUAGE_STANDARD = gnu17;
				GCC_DYNAMIC_NO_PIC = NO;
				GCC_NO_COMMON_BLOCKS = YES;
				GCC_OPTIMIZATION_LEVEL = 0;
				GCC_PREPROCESSOR_DEFINITIONS = (
					"DEBUG=1",
					"$(inherited)",
				);
				GCC_WARN_64_TO_32_BIT_CONVERSION = YES;
				GCC_WARN_ABOUT_RETURN_TYPE = YES_ERROR;
				GCC_WARN_UNDECLARED_SELECTOR = YES;
				GCC_WARN_UNINITIALIZED_AUTOS = YES_AGGRESSIVE;
				GCC_WARN_UNUSED_FUNCTION = YES;
				GCC_WARN_UNUSED_VARIABLE = YES;
				IPHONEOS_DEPLOYMENT_TARGET = 17.5;
				LOCALIZATION_PREFERS_STRING_CATALOGS = YES;
				MTL_ENABLE_DEBUG_INFO = INCLUDE_SOURCE;
				MTL_FAST_MATH = YES;
				ONLY_ACTIVE_ARCH = YES;
				SDKROOT = iphoneos;
				SWIFT_ACTIVE_COMPILATION_CONDITIONS = "DEBUG $(inherited)";
				SWIFT_OPTIMIZATION_LEVEL = "-Onone";
			};
			name = Debug;
		};
		9C2EA52F2CD68CE6008DB775 /* Release */ = {
			isa = XCBuildConfiguration;
			buildSettings = {
				ALWAYS_SEARCH_USER_PATHS = NO;
				ASSETCATALOG_COMPILER_GENERATE_SWIFT_ASSET_SYMBOL_EXTENSIONS = YES;
				CLANG_ANALYZER_NONNULL = YES;
				CLANG_ANALYZER_NUMBER_OBJECT_CONVERSION = YES_AGGRESSIVE;
				CLANG_CXX_LANGUAGE_STANDARD = "gnu++20";
				CLANG_ENABLE_MODULES = YES;
				CLANG_ENABLE_OBJC_ARC = YES;
				CLANG_ENABLE_OBJC_WEAK = YES;
				CLANG_WARN_BLOCK_CAPTURE_AUTORELEASING = YES;
				CLANG_WARN_BOOL_CONVERSION = YES;
				CLANG_WARN_COMMA = YES;
				CLANG_WARN_CONSTANT_CONVERSION = YES;
				CLANG_WARN_DEPRECATED_OBJC_IMPLEMENTATIONS = YES;
				CLANG_WARN_DIRECT_OBJC_ISA_USAGE = YES_ERROR;
				CLANG_WARN_DOCUMENTATION_COMMENTS = YES;
				CLANG_WARN_EMPTY_BODY = YES;
				CLANG_WARN_ENUM_CONVERSION = YES;
				CLANG_WARN_INFINITE_RECURSION = YES;
				CLANG_WARN_INT_CONVERSION = YES;
				CLANG_WARN_NON_LITERAL_NULL_CONVERSION = YES;
				CLANG_WARN_OBJC_IMPLICIT_RETAIN_SELF = YES;
				CLANG_WARN_OBJC_LITERAL_CONVERSION = YES;
				CLANG_WARN_OBJC_ROOT_CLASS = YES_ERROR;
				CLANG_WARN_QUOTED_INCLUDE_IN_FRAMEWORK_HEADER = YES;
				CLANG_WARN_RANGE_LOOP_ANALYSIS = YES;
				CLANG_WARN_STRICT_PROTOTYPES = YES;
				CLANG_WARN_SUSPICIOUS_MOVE = YES;
				CLANG_WARN_UNGUARDED_AVAILABILITY = YES_AGGRESSIVE;
				CLANG_WARN_UNREACHABLE_CODE = YES;
				CLANG_WARN__DUPLICATE_METHOD_MATCH = YES;
				COPY_PHASE_STRIP = NO;
				DEBUG_INFORMATION_FORMAT = "dwarf-with-dsym";
				ENABLE_NS_ASSERTIONS = NO;
				ENABLE_STRICT_OBJC_MSGSEND = YES;
				ENABLE_USER_SCRIPT_SANDBOXING = YES;
				GCC_C_LANGUAGE_STANDARD = gnu17;
				GCC_NO_COMMON_BLOCKS = YES;
				GCC_WARN_64_TO_32_BIT_CONVERSION = YES;
				GCC_WARN_ABOUT_RETURN_TYPE = YES_ERROR;
				GCC_WARN_UNDECLARED_SELECTOR = YES;
				GCC_WARN_UNINITIALIZED_AUTOS = YES_AGGRESSIVE;
				GCC_WARN_UNUSED_FUNCTION = YES;
				GCC_WARN_UNUSED_VARIABLE = YES;
				IPHONEOS_DEPLOYMENT_TARGET = 17.5;
				LOCALIZATION_PREFERS_STRING_CATALOGS = YES;
				MTL_ENABLE_DEBUG_INFO = NO;
				MTL_FAST_MATH = YES;
				SDKROOT = iphoneos;
				SWIFT_COMPILATION_MODE = wholemodule;
				VALIDATE_PRODUCT = YES;
			};
			name = Release;
		};
		9C2EA5312CD68CE6008DB775 /* Debug */ = {
			isa = XCBuildConfiguration;
			buildSettings = {
				ASSETCATALOG_COMPILER_APPICON_NAME = AppIcon;
				ASSETCATALOG_COMPILER_GLOBAL_ACCENT_COLOR_NAME = AccentColor;
				CODE_SIGN_STYLE = Automatic;
				CURRENT_PROJECT_VERSION = 1;
				DEVELOPMENT_ASSET_PATHS = "\"Enibuisness/Preview Content\"";
				DEVELOPMENT_TEAM = VKCJ868Q85;
				ENABLE_PREVIEWS = YES;
				GENERATE_INFOPLIST_FILE = YES;
				INFOPLIST_KEY_UIApplicationSceneManifest_Generation = YES;
				INFOPLIST_KEY_UIApplicationSupportsIndirectInputEvents = YES;
				INFOPLIST_KEY_UILaunchScreen_Generation = YES;
				INFOPLIST_KEY_UISupportedInterfaceOrientations_iPad = "UIInterfaceOrientationPortrait UIInterfaceOrientationPortraitUpsideDown UIInterfaceOrientationLandscapeLeft UIInterfaceOrientationLandscapeRight";
				INFOPLIST_KEY_UISupportedInterfaceOrientations_iPhone = "UIInterfaceOrientationPortrait UIInterfaceOrientationLandscapeLeft UIInterfaceOrientationLandscapeRight";
				LD_RUNPATH_SEARCH_PATHS = (
					"$(inherited)",
					"@executable_path/Frameworks",
				);
				MARKETING_VERSION = 1.0;
				PRODUCT_BUNDLE_IDENTIFIER = cinqtech.Enibuisness;
				PRODUCT_NAME = "$(TARGET_NAME)";
				SWIFT_EMIT_LOC_STRINGS = YES;
				SWIFT_VERSION = 5.0;
				TARGETED_DEVICE_FAMILY = "1,2";
			};
			name = Debug;
		};
		9C2EA5322CD68CE6008DB775 /* Release */ = {
			isa = XCBuildConfiguration;
			buildSettings = {
				ASSETCATALOG_COMPILER_APPICON_NAME = AppIcon;
				ASSETCATALOG_COMPILER_GLOBAL_ACCENT_COLOR_NAME = AccentColor;
				CODE_SIGN_STYLE = Automatic;
				CURRENT_PROJECT_VERSION = 1;
				DEVELOPMENT_ASSET_PATHS = "\"Enibuisness/Preview Content\"";
				DEVELOPMENT_TEAM = VKCJ868Q85;
				ENABLE_PREVIEWS = YES;
				GENERATE_INFOPLIST_FILE = YES;
				INFOPLIST_KEY_UIApplicationSceneManifest_Generation = YES;
				INFOPLIST_KEY_UIApplicationSupportsIndirectInputEvents = YES;
				INFOPLIST_KEY_UILaunchScreen_Generation = YES;
				INFOPLIST_KEY_UISupportedInterfaceOrientations_iPad = "UIInterfaceOrientationPortrait UIInterfaceOrientationPortraitUpsideDown UIInterfaceOrientationLandscapeLeft UIInterfaceOrientationLandscapeRight";
				INFOPLIST_KEY_UISupportedInterfaceOrientations_iPhone = "UIInterfaceOrientationPortrait UIInterfaceOrientationLandscapeLeft UIInterfaceOrientationLandscapeRight";
				LD_RUNPATH_SEARCH_PATHS = (
					"$(inherited)",
					"@executable_path/Frameworks",
				);
				MARKETING_VERSION = 1.0;
				PRODUCT_BUNDLE_IDENTIFIER = cinqtech.Enibuisness;
				PRODUCT_NAME = "$(TARGET_NAME)";
				SWIFT_EMIT_LOC_STRINGS = YES;
				SWIFT_VERSION = 5.0;
				TARGETED_DEVICE_FAMILY = "1,2";
			};
			name = Release;
		};
/* End XCBuildConfiguration section */

/* Begin XCConfigurationList section */
		9C2EA51D2CD68CE4008DB775 /* Build configuration list for PBXProject "Enibuisness" */ = {
			isa = XCConfigurationList;
			buildConfigurations = (
				9C2EA52E2CD68CE6008DB775 /* Debug */,
				9C2EA52F2CD68CE6008DB775 /* Release */,
			);
			defaultConfigurationIsVisible = 0;
			defaultConfigurationName = Release;
		};
		9C2EA5302CD68CE6008DB775 /* Build configuration list for PBXNativeTarget "Enibuisness" */ = {
			isa = XCConfigurationList;
			buildConfigurations = (
				9C2EA5312CD68CE6008DB775 /* Debug */,
				9C2EA5322CD68CE6008DB775 /* Release */,
			);
			defaultConfigurationIsVisible = 0;
			defaultConfigurationName = Release;
		};
/* End XCConfigurationList section */
	};
	rootObject = 9C2EA51A2CD68CE4008DB775 /* Project object */;
}
